
Microsoft Visual Studio Solution File, Format Version 12.00
# Visual Studio Version 17
VisualStudioVersion = 17.6.33815.320
MinimumVisualStudioVersion = 10.0.40219.1
Project("{FAE04EC0-301F-11D3-BF4B-00C04F79EFBC}") = "ASPSec4-CRUD opreration", "ASPSec4-CRUD opreration\ASPSec4-CRUD opreration.csproj", "{5E900D1D-240A-4DEB-BACB-A845096AEA00}"
EndProject
Global
	GlobalSection(SolutionConfigurationPlatforms) = preSolution
		Debug|Any CPU = Debug|Any CPU
		Release|Any CPU = Release|Any CPU
	EndGlobalSection
	GlobalSection(ProjectConfigurationPlatforms) = postSolution
		{5E900D1D-240A-4DEB-BACB-A845096AEA00}.Debug|Any CPU.ActiveCfg = Debug|Any CPU
		{5E900D1D-240A-4DEB-BACB-A845096AEA00}.Debug|Any CPU.Build.0 = Debug|Any CPU
		{5E900D1D-240A-4DEB-BACB-A845096AEA00}.Release|Any CPU.ActiveCfg = Release|Any CPU
		{5E900D1D-240A-4DEB-BACB-A845096AEA00}.Release|Any CPU.Build.0 = Release|Any CPU
	EndGlobalSection
	GlobalSection(SolutionProperties) = preSolution
		HideSolutionNode = FALSE
	EndGlobalSection
	GlobalSection(ExtensibilityGlobals) = postSolution
		SolutionGuid = {EDB66510-D877-43D0-AA0B-E5B9450F271A}
	EndGlobalSection
EndGlobal
