
Microsoft Visual Studio Solution File, Format Version 12.00
# Visual Studio Version 17
VisualStudioVersion = 17.6.33815.320
MinimumVisualStudioVersion = 10.0.40219.1
Project("{FAE04EC0-301F-11D3-BF4B-00C04F79EFBC}") = "ValidationsWithDataAnnotations", "ValidationsWithDataAnnotations\ValidationsWithDataAnnotations.csproj", "{C817305B-E5D4-4FE1-B236-72F46F118CF4}"
EndProject
Global
	GlobalSection(SolutionConfigurationPlatforms) = preSolution
		Debug|Any CPU = Debug|Any CPU
		Release|Any CPU = Release|Any CPU
	EndGlobalSection
	GlobalSection(ProjectConfigurationPlatforms) = postSolution
		{C817305B-E5D4-4FE1-B236-72F46F118CF4}.Debug|Any CPU.ActiveCfg = Debug|Any CPU
		{C817305B-E5D4-4FE1-B236-72F46F118CF4}.Debug|Any CPU.Build.0 = Debug|Any CPU
		{C817305B-E5D4-4FE1-B236-72F46F118CF4}.Release|Any CPU.ActiveCfg = Release|Any CPU
		{C817305B-E5D4-4FE1-B236-72F46F118CF4}.Release|Any CPU.Build.0 = Release|Any CPU
	EndGlobalSection
	GlobalSection(SolutionProperties) = preSolution
		HideSolutionNode = FALSE
	EndGlobalSection
	GlobalSection(ExtensibilityGlobals) = postSolution
		SolutionGuid = {B4769C04-8BCD-44D4-8C4B-E9264C499BFA}
	EndGlobalSection
EndGlobal
