
Microsoft Visual Studio Solution File, Format Version 12.00
# Visual Studio Version 17
VisualStudioVersion = 17.6.33815.320
MinimumVisualStudioVersion = 10.0.40219.1
Project("{FAE04EC0-301F-11D3-BF4B-00C04F79EFBC}") = "Scaffolding", "Scaffolding\Scaffolding.csproj", "{7F111DE0-4F67-41D3-B899-F52A2E31B321}"
EndProject
Global
	GlobalSection(SolutionConfigurationPlatforms) = preSolution
		Debug|Any CPU = Debug|Any CPU
		Release|Any CPU = Release|Any CPU
	EndGlobalSection
	GlobalSection(ProjectConfigurationPlatforms) = postSolution
		{7F111DE0-4F67-41D3-B899-F52A2E31B321}.Debug|Any CPU.ActiveCfg = Debug|Any CPU
		{7F111DE0-4F67-41D3-B899-F52A2E31B321}.Debug|Any CPU.Build.0 = Debug|Any CPU
		{7F111DE0-4F67-41D3-B899-F52A2E31B321}.Release|Any CPU.ActiveCfg = Release|Any CPU
		{7F111DE0-4F67-41D3-B899-F52A2E31B321}.Release|Any CPU.Build.0 = Release|Any CPU
	EndGlobalSection
	GlobalSection(SolutionProperties) = preSolution
		HideSolutionNode = FALSE
	EndGlobalSection
	GlobalSection(ExtensibilityGlobals) = postSolution
		SolutionGuid = {67B87FAD-290A-4522-8BF3-ACA346A1CD17}
	EndGlobalSection
EndGlobal
