
Microsoft Visual Studio Solution File, Format Version 12.00
# Visual Studio Version 17
VisualStudioVersion = 17.6.33815.320
MinimumVisualStudioVersion = 10.0.40219.1
Project("{FAE04EC0-301F-11D3-BF4B-00C04F79EFBC}") = "Sec4-1.6", "Sec4-1.6\Sec4-1.6.csproj", "{33F268D3-A5F6-4229-82C5-F1682E70CDD3}"
EndProject
Global
	GlobalSection(SolutionConfigurationPlatforms) = preSolution
		Debug|Any CPU = Debug|Any CPU
		Release|Any CPU = Release|Any CPU
	EndGlobalSection
	GlobalSection(ProjectConfigurationPlatforms) = postSolution
		{33F268D3-A5F6-4229-82C5-F1682E70CDD3}.Debug|Any CPU.ActiveCfg = Debug|Any CPU
		{33F268D3-A5F6-4229-82C5-F1682E70CDD3}.Debug|Any CPU.Build.0 = Debug|Any CPU
		{33F268D3-A5F6-4229-82C5-F1682E70CDD3}.Release|Any CPU.ActiveCfg = Release|Any CPU
		{33F268D3-A5F6-4229-82C5-F1682E70CDD3}.Release|Any CPU.Build.0 = Release|Any CPU
	EndGlobalSection
	GlobalSection(SolutionProperties) = preSolution
		HideSolutionNode = FALSE
	EndGlobalSection
	GlobalSection(ExtensibilityGlobals) = postSolution
		SolutionGuid = {4198C8A0-AD04-4576-BA70-DD1BCA69A4F0}
	EndGlobalSection
EndGlobal
