
Microsoft Visual Studio Solution File, Format Version 12.00
# Visual Studio Version 17
VisualStudioVersion = 17.6.33815.320
MinimumVisualStudioVersion = 10.0.40219.1
Project("{FAE04EC0-301F-11D3-BF4B-00C04F79EFBC}") = "S4-1.20", "S4-1.20\S4-1.20.csproj", "{02C50D14-D30F-4633-8E55-FD70006CFA33}"
EndProject
Global
	GlobalSection(SolutionConfigurationPlatforms) = preSolution
		Debug|Any CPU = Debug|Any CPU
		Release|Any CPU = Release|Any CPU
	EndGlobalSection
	GlobalSection(ProjectConfigurationPlatforms) = postSolution
		{02C50D14-D30F-4633-8E55-FD70006CFA33}.Debug|Any CPU.ActiveCfg = Debug|Any CPU
		{02C50D14-D30F-4633-8E55-FD70006CFA33}.Debug|Any CPU.Build.0 = Debug|Any CPU
		{02C50D14-D30F-4633-8E55-FD70006CFA33}.Release|Any CPU.ActiveCfg = Release|Any CPU
		{02C50D14-D30F-4633-8E55-FD70006CFA33}.Release|Any CPU.Build.0 = Release|Any CPU
	EndGlobalSection
	GlobalSection(SolutionProperties) = preSolution
		HideSolutionNode = FALSE
	EndGlobalSection
	GlobalSection(ExtensibilityGlobals) = postSolution
		SolutionGuid = {209CF645-E2CE-4E5F-AA26-8F9EB7BF50B3}
	EndGlobalSection
EndGlobal
